{
  "name": "webgpu-text",
  "version": "0.0.1",
  "lockfileVersion": 3,
  "requires": true,
  "packages": {
    "": {
      "name": "webgpu-text",
      "version": "0.0.1",
      "license": "MIT",
      "dependencies": {
        "harfbuzzjs": "0.3.5"
      },
      "devDependencies": {}
    },
    "node_modules/harfbuzzjs": {
      "version": "0.3.5",
      "resolved": "https://registry.npmjs.org/harfbuzzjs/-/harfbuzzjs-0.3.5.tgz",
      "integrity": "sha512-SbNxmVAyhlUJTHdaxgK5S6Uqy4mXIu80Vl6KDn8d+ctPAF6W3DY2yehB4BwIC24I/Tk5HGLjaQkyny5gY0r41Q=="
    }
  }
}
